
Microsoft Visual Studio Solution File, Format Version 12.00
# Visual Studio Version 17
VisualStudioVersion = 17.11.35219.272
MinimumVisualStudioVersion = 10.0.40219.1
Project("{FAE04EC0-301F-11D3-BF4B-00C04F79EFBC}") = "DBLib", "DBLib\DBLib.csproj", "{FCE49B3F-9248-4970-B224-0855E84898FB}"
EndProject
Project("{FAE04EC0-301F-11D3-BF4B-00C04F79EFBC}") = "DBServer", "DBServer\DBServer.csproj", "{028E6648-8D70-44FE-AFFD-4C715B650FD2}"
EndProject
Project("{FAE04EC0-301F-11D3-BF4B-00C04F79EFBC}") = "DBInterface", "DBInterface\DBInterface.csproj", "{5622DE82-5ECC-4015-8EB8-036E62E4AAF4}"
EndProject
Project("{FAE04EC0-301F-11D3-BF4B-00C04F79EFBC}") = "DBClient", "DBClient\DBClient.csproj", "{CCF10BB9-95B8-4078-A53C-85D60A58ACD8}"
EndProject
Project("{FAE04EC0-301F-11D3-BF4B-00C04F79EFBC}") = "BusinessAPI", "BusinessAPI\BusinessAPI.csproj", "{27678D16-E569-4C5C-82B6-10F8CE3151E5}"
EndProject
Project("{FAE04EC0-301F-11D3-BF4B-00C04F79EFBC}") = "DataAPI", "DataAPI\DataAPI.csproj", "{E1CB425F-F491-4B0C-919B-94F7AA4D1067}"
EndProject
Project("{FAE04EC0-301F-11D3-BF4B-00C04F79EFBC}") = "APIClasses", "APIClasses\APIClasses.csproj", "{9C16E479-77D0-40B0-A56E-EC031042227C}"
EndProject
Global
	GlobalSection(SolutionConfigurationPlatforms) = preSolution
		Debug|Any CPU = Debug|Any CPU
		Release|Any CPU = Release|Any CPU
	EndGlobalSection
	GlobalSection(ProjectConfigurationPlatforms) = postSolution
		{FCE49B3F-9248-4970-B224-0855E84898FB}.Debug|Any CPU.ActiveCfg = Debug|Any CPU
		{FCE49B3F-9248-4970-B224-0855E84898FB}.Debug|Any CPU.Build.0 = Debug|Any CPU
		{FCE49B3F-9248-4970-B224-0855E84898FB}.Release|Any CPU.ActiveCfg = Release|Any CPU
		{FCE49B3F-9248-4970-B224-0855E84898FB}.Release|Any CPU.Build.0 = Release|Any CPU
		{028E6648-8D70-44FE-AFFD-4C715B650FD2}.Debug|Any CPU.ActiveCfg = Debug|Any CPU
		{028E6648-8D70-44FE-AFFD-4C715B650FD2}.Debug|Any CPU.Build.0 = Debug|Any CPU
		{028E6648-8D70-44FE-AFFD-4C715B650FD2}.Release|Any CPU.ActiveCfg = Release|Any CPU
		{028E6648-8D70-44FE-AFFD-4C715B650FD2}.Release|Any CPU.Build.0 = Release|Any CPU
		{5622DE82-5ECC-4015-8EB8-036E62E4AAF4}.Debug|Any CPU.ActiveCfg = Debug|Any CPU
		{5622DE82-5ECC-4015-8EB8-036E62E4AAF4}.Debug|Any CPU.Build.0 = Debug|Any CPU
		{5622DE82-5ECC-4015-8EB8-036E62E4AAF4}.Release|Any CPU.ActiveCfg = Release|Any CPU
		{5622DE82-5ECC-4015-8EB8-036E62E4AAF4}.Release|Any CPU.Build.0 = Release|Any CPU
		{CCF10BB9-95B8-4078-A53C-85D60A58ACD8}.Debug|Any CPU.ActiveCfg = Debug|Any CPU
		{CCF10BB9-95B8-4078-A53C-85D60A58ACD8}.Debug|Any CPU.Build.0 = Debug|Any CPU
		{CCF10BB9-95B8-4078-A53C-85D60A58ACD8}.Release|Any CPU.ActiveCfg = Release|Any CPU
		{CCF10BB9-95B8-4078-A53C-85D60A58ACD8}.Release|Any CPU.Build.0 = Release|Any CPU
		{27678D16-E569-4C5C-82B6-10F8CE3151E5}.Debug|Any CPU.ActiveCfg = Debug|Any CPU
		{27678D16-E569-4C5C-82B6-10F8CE3151E5}.Debug|Any CPU.Build.0 = Debug|Any CPU
		{27678D16-E569-4C5C-82B6-10F8CE3151E5}.Release|Any CPU.ActiveCfg = Release|Any CPU
		{27678D16-E569-4C5C-82B6-10F8CE3151E5}.Release|Any CPU.Build.0 = Release|Any CPU
		{E1CB425F-F491-4B0C-919B-94F7AA4D1067}.Debug|Any CPU.ActiveCfg = Debug|Any CPU
		{E1CB425F-F491-4B0C-919B-94F7AA4D1067}.Debug|Any CPU.Build.0 = Debug|Any CPU
		{E1CB425F-F491-4B0C-919B-94F7AA4D1067}.Release|Any CPU.ActiveCfg = Release|Any CPU
		{E1CB425F-F491-4B0C-919B-94F7AA4D1067}.Release|Any CPU.Build.0 = Release|Any CPU
		{9C16E479-77D0-40B0-A56E-EC031042227C}.Debug|Any CPU.ActiveCfg = Debug|Any CPU
		{9C16E479-77D0-40B0-A56E-EC031042227C}.Debug|Any CPU.Build.0 = Debug|Any CPU
		{9C16E479-77D0-40B0-A56E-EC031042227C}.Release|Any CPU.ActiveCfg = Release|Any CPU
		{9C16E479-77D0-40B0-A56E-EC031042227C}.Release|Any CPU.Build.0 = Release|Any CPU
	EndGlobalSection
	GlobalSection(SolutionProperties) = preSolution
		HideSolutionNode = FALSE
	EndGlobalSection
	GlobalSection(ExtensibilityGlobals) = postSolution
		SolutionGuid = {8E9BB0B6-0221-452A-A06B-9B3E175D387A}
	EndGlobalSection
EndGlobal
